
Microsoft Visual Studio Solution File, Format Version 12.00
# Visual Studio Version 17
VisualStudioVersion = 17.5.002.0
MinimumVisualStudioVersion = 10.0.40219.1
Project("{9A19103F-16F7-4668-BE54-9A1E7A4F7556}") = "sem1", "Sem1\sem1.csproj", "{44B46819-5257-4737-8B3D-3C854D488CB3}"
EndProject
Project("{9A19103F-16F7-4668-BE54-9A1E7A4F7556}") = "Sem2", "Sem2\Sem2.csproj", "{76625846-EB74-4CFF-9079-F9398BF0A13F}"
EndProject
Project("{2150E333-8FDC-42A3-9474-1A3956D46DE8}") = "Lesson1", "Lesson1", "{9F178A72-6DBA-42C8-B374-76CFAD7604CE}"
EndProject
Project("{9A19103F-16F7-4668-BE54-9A1E7A4F7556}") = "task1", "Lesson1\Task1\task1.csproj", "{DEEF6686-CC6C-43CB-B01E-277C987723A0}"
EndProject
Project("{9A19103F-16F7-4668-BE54-9A1E7A4F7556}") = "task2", "Lesson1\Task2\task2.csproj", "{104005DC-03DD-4236-A4D5-3AA034192D43}"
EndProject
Project("{9A19103F-16F7-4668-BE54-9A1E7A4F7556}") = "task3", "Lesson1\task3\task3.csproj", "{556AE06A-2E98-4DE8-83F4-EAAEF72BEAAC}"
EndProject
Project("{9A19103F-16F7-4668-BE54-9A1E7A4F7556}") = "task4", "Lesson1\task4\task4.csproj", "{F5D5256E-0A4C-4452-BCCE-E2382612878E}"
EndProject
Project("{9A19103F-16F7-4668-BE54-9A1E7A4F7556}") = "task5", "Lesson1\task5\task5.csproj", "{E7D4382C-73AA-4AF5-B892-66E878D6C38F}"
EndProject
Project("{2150E333-8FDC-42A3-9474-1A3956D46DE8}") = "Lesson2", "Lesson2", "{B09390DC-8B79-42B1-872B-F04A506F8FB8}"
EndProject
Project("{9A19103F-16F7-4668-BE54-9A1E7A4F7556}") = "task1", "Lesson2\Task1\task1.csproj", "{C0160F63-82BD-4A2C-A4D9-D4BE4AF19E2C}"
EndProject
Project("{9A19103F-16F7-4668-BE54-9A1E7A4F7556}") = "task4", "Lesson2\Task4\task4.csproj", "{B14FC610-3A7D-430C-A6A2-2FC1A46FC766}"
EndProject
Project("{2150E333-8FDC-42A3-9474-1A3956D46DE8}") = "Lesson3", "Lesson3", "{12646023-F506-4E0E-A683-92D63D85FD10}"
EndProject
Project("{9A19103F-16F7-4668-BE54-9A1E7A4F7556}") = "task1", "Lesson3\Task1\task1.csproj", "{D5A2BF1D-B574-4267-A3F1-243D99BF8D49}"
EndProject
Project("{9A19103F-16F7-4668-BE54-9A1E7A4F7556}") = "task2", "Lesson3\Task2\task2.csproj", "{C6E3CCFE-EBD6-4F26-AC56-B6C7430A5C80}"
EndProject
Project("{9A19103F-16F7-4668-BE54-9A1E7A4F7556}") = "task3", "Lesson3\Task3\task3.csproj", "{2354C3E5-7BA2-42A0-8C19-55E6C1B9902C}"
EndProject
Project("{2150E333-8FDC-42A3-9474-1A3956D46DE8}") = "Sem4", "Sem4", "{B273B724-F95A-48FD-9222-9AD5CBE6FD5A}"
EndProject
Project("{9A19103F-16F7-4668-BE54-9A1E7A4F7556}") = "sem4", "Sem4\task1\sem4.csproj", "{1F1DCB52-2712-42BE-A330-D43071CCBDD4}"
EndProject
Project("{9A19103F-16F7-4668-BE54-9A1E7A4F7556}") = "task2", "Sem4\task2\task2.csproj", "{BFC5C8DA-D1DF-4FA1-AABF-B55FC86F52C9}"
EndProject
Project("{9A19103F-16F7-4668-BE54-9A1E7A4F7556}") = "task3", "Sem4\task3\task3.csproj", "{7671756E-8377-4DF9-B128-98AFE560AFA4}"
EndProject
Global
	GlobalSection(SolutionConfigurationPlatforms) = preSolution
		Debug|Any CPU = Debug|Any CPU
		Release|Any CPU = Release|Any CPU
	EndGlobalSection
	GlobalSection(ProjectConfigurationPlatforms) = postSolution
		{44B46819-5257-4737-8B3D-3C854D488CB3}.Debug|Any CPU.ActiveCfg = Debug|Any CPU
		{44B46819-5257-4737-8B3D-3C854D488CB3}.Debug|Any CPU.Build.0 = Debug|Any CPU
		{44B46819-5257-4737-8B3D-3C854D488CB3}.Release|Any CPU.ActiveCfg = Release|Any CPU
		{44B46819-5257-4737-8B3D-3C854D488CB3}.Release|Any CPU.Build.0 = Release|Any CPU
		{76625846-EB74-4CFF-9079-F9398BF0A13F}.Debug|Any CPU.ActiveCfg = Debug|Any CPU
		{76625846-EB74-4CFF-9079-F9398BF0A13F}.Debug|Any CPU.Build.0 = Debug|Any CPU
		{76625846-EB74-4CFF-9079-F9398BF0A13F}.Release|Any CPU.ActiveCfg = Release|Any CPU
		{76625846-EB74-4CFF-9079-F9398BF0A13F}.Release|Any CPU.Build.0 = Release|Any CPU
		{DEEF6686-CC6C-43CB-B01E-277C987723A0}.Debug|Any CPU.ActiveCfg = Debug|Any CPU
		{DEEF6686-CC6C-43CB-B01E-277C987723A0}.Debug|Any CPU.Build.0 = Debug|Any CPU
		{DEEF6686-CC6C-43CB-B01E-277C987723A0}.Release|Any CPU.ActiveCfg = Release|Any CPU
		{DEEF6686-CC6C-43CB-B01E-277C987723A0}.Release|Any CPU.Build.0 = Release|Any CPU
		{104005DC-03DD-4236-A4D5-3AA034192D43}.Debug|Any CPU.ActiveCfg = Debug|Any CPU
		{104005DC-03DD-4236-A4D5-3AA034192D43}.Debug|Any CPU.Build.0 = Debug|Any CPU
		{104005DC-03DD-4236-A4D5-3AA034192D43}.Release|Any CPU.ActiveCfg = Release|Any CPU
		{104005DC-03DD-4236-A4D5-3AA034192D43}.Release|Any CPU.Build.0 = Release|Any CPU
		{556AE06A-2E98-4DE8-83F4-EAAEF72BEAAC}.Debug|Any CPU.ActiveCfg = Debug|Any CPU
		{556AE06A-2E98-4DE8-83F4-EAAEF72BEAAC}.Debug|Any CPU.Build.0 = Debug|Any CPU
		{556AE06A-2E98-4DE8-83F4-EAAEF72BEAAC}.Release|Any CPU.ActiveCfg = Release|Any CPU
		{556AE06A-2E98-4DE8-83F4-EAAEF72BEAAC}.Release|Any CPU.Build.0 = Release|Any CPU
		{F5D5256E-0A4C-4452-BCCE-E2382612878E}.Debug|Any CPU.ActiveCfg = Debug|Any CPU
		{F5D5256E-0A4C-4452-BCCE-E2382612878E}.Debug|Any CPU.Build.0 = Debug|Any CPU
		{F5D5256E-0A4C-4452-BCCE-E2382612878E}.Release|Any CPU.ActiveCfg = Release|Any CPU
		{F5D5256E-0A4C-4452-BCCE-E2382612878E}.Release|Any CPU.Build.0 = Release|Any CPU
		{E7D4382C-73AA-4AF5-B892-66E878D6C38F}.Debug|Any CPU.ActiveCfg = Debug|Any CPU
		{E7D4382C-73AA-4AF5-B892-66E878D6C38F}.Debug|Any CPU.Build.0 = Debug|Any CPU
		{E7D4382C-73AA-4AF5-B892-66E878D6C38F}.Release|Any CPU.ActiveCfg = Release|Any CPU
		{E7D4382C-73AA-4AF5-B892-66E878D6C38F}.Release|Any CPU.Build.0 = Release|Any CPU
		{C0160F63-82BD-4A2C-A4D9-D4BE4AF19E2C}.Debug|Any CPU.ActiveCfg = Debug|Any CPU
		{C0160F63-82BD-4A2C-A4D9-D4BE4AF19E2C}.Debug|Any CPU.Build.0 = Debug|Any CPU
		{C0160F63-82BD-4A2C-A4D9-D4BE4AF19E2C}.Release|Any CPU.ActiveCfg = Release|Any CPU
		{C0160F63-82BD-4A2C-A4D9-D4BE4AF19E2C}.Release|Any CPU.Build.0 = Release|Any CPU
		{B14FC610-3A7D-430C-A6A2-2FC1A46FC766}.Debug|Any CPU.ActiveCfg = Debug|Any CPU
		{B14FC610-3A7D-430C-A6A2-2FC1A46FC766}.Debug|Any CPU.Build.0 = Debug|Any CPU
		{B14FC610-3A7D-430C-A6A2-2FC1A46FC766}.Release|Any CPU.ActiveCfg = Release|Any CPU
		{B14FC610-3A7D-430C-A6A2-2FC1A46FC766}.Release|Any CPU.Build.0 = Release|Any CPU
		{D5A2BF1D-B574-4267-A3F1-243D99BF8D49}.Debug|Any CPU.ActiveCfg = Debug|Any CPU
		{D5A2BF1D-B574-4267-A3F1-243D99BF8D49}.Debug|Any CPU.Build.0 = Debug|Any CPU
		{D5A2BF1D-B574-4267-A3F1-243D99BF8D49}.Release|Any CPU.ActiveCfg = Release|Any CPU
		{D5A2BF1D-B574-4267-A3F1-243D99BF8D49}.Release|Any CPU.Build.0 = Release|Any CPU
		{C6E3CCFE-EBD6-4F26-AC56-B6C7430A5C80}.Debug|Any CPU.ActiveCfg = Debug|Any CPU
		{C6E3CCFE-EBD6-4F26-AC56-B6C7430A5C80}.Debug|Any CPU.Build.0 = Debug|Any CPU
		{C6E3CCFE-EBD6-4F26-AC56-B6C7430A5C80}.Release|Any CPU.ActiveCfg = Release|Any CPU
		{C6E3CCFE-EBD6-4F26-AC56-B6C7430A5C80}.Release|Any CPU.Build.0 = Release|Any CPU
		{2354C3E5-7BA2-42A0-8C19-55E6C1B9902C}.Debug|Any CPU.ActiveCfg = Debug|Any CPU
		{2354C3E5-7BA2-42A0-8C19-55E6C1B9902C}.Debug|Any CPU.Build.0 = Debug|Any CPU
		{2354C3E5-7BA2-42A0-8C19-55E6C1B9902C}.Release|Any CPU.ActiveCfg = Release|Any CPU
		{2354C3E5-7BA2-42A0-8C19-55E6C1B9902C}.Release|Any CPU.Build.0 = Release|Any CPU
		{1F1DCB52-2712-42BE-A330-D43071CCBDD4}.Debug|Any CPU.ActiveCfg = Debug|Any CPU
		{1F1DCB52-2712-42BE-A330-D43071CCBDD4}.Debug|Any CPU.Build.0 = Debug|Any CPU
		{1F1DCB52-2712-42BE-A330-D43071CCBDD4}.Release|Any CPU.ActiveCfg = Release|Any CPU
		{1F1DCB52-2712-42BE-A330-D43071CCBDD4}.Release|Any CPU.Build.0 = Release|Any CPU
		{BFC5C8DA-D1DF-4FA1-AABF-B55FC86F52C9}.Debug|Any CPU.ActiveCfg = Debug|Any CPU
		{BFC5C8DA-D1DF-4FA1-AABF-B55FC86F52C9}.Debug|Any CPU.Build.0 = Debug|Any CPU
		{BFC5C8DA-D1DF-4FA1-AABF-B55FC86F52C9}.Release|Any CPU.ActiveCfg = Release|Any CPU
		{BFC5C8DA-D1DF-4FA1-AABF-B55FC86F52C9}.Release|Any CPU.Build.0 = Release|Any CPU
		{7671756E-8377-4DF9-B128-98AFE560AFA4}.Debug|Any CPU.ActiveCfg = Debug|Any CPU
		{7671756E-8377-4DF9-B128-98AFE560AFA4}.Debug|Any CPU.Build.0 = Debug|Any CPU
		{7671756E-8377-4DF9-B128-98AFE560AFA4}.Release|Any CPU.ActiveCfg = Release|Any CPU
		{7671756E-8377-4DF9-B128-98AFE560AFA4}.Release|Any CPU.Build.0 = Release|Any CPU
	EndGlobalSection
	GlobalSection(SolutionProperties) = preSolution
		HideSolutionNode = FALSE
	EndGlobalSection
	GlobalSection(NestedProjects) = preSolution
		{DEEF6686-CC6C-43CB-B01E-277C987723A0} = {9F178A72-6DBA-42C8-B374-76CFAD7604CE}
		{104005DC-03DD-4236-A4D5-3AA034192D43} = {9F178A72-6DBA-42C8-B374-76CFAD7604CE}
		{556AE06A-2E98-4DE8-83F4-EAAEF72BEAAC} = {9F178A72-6DBA-42C8-B374-76CFAD7604CE}
		{F5D5256E-0A4C-4452-BCCE-E2382612878E} = {9F178A72-6DBA-42C8-B374-76CFAD7604CE}
		{E7D4382C-73AA-4AF5-B892-66E878D6C38F} = {9F178A72-6DBA-42C8-B374-76CFAD7604CE}
		{C0160F63-82BD-4A2C-A4D9-D4BE4AF19E2C} = {B09390DC-8B79-42B1-872B-F04A506F8FB8}
		{B14FC610-3A7D-430C-A6A2-2FC1A46FC766} = {B09390DC-8B79-42B1-872B-F04A506F8FB8}
		{D5A2BF1D-B574-4267-A3F1-243D99BF8D49} = {12646023-F506-4E0E-A683-92D63D85FD10}
		{C6E3CCFE-EBD6-4F26-AC56-B6C7430A5C80} = {12646023-F506-4E0E-A683-92D63D85FD10}
		{2354C3E5-7BA2-42A0-8C19-55E6C1B9902C} = {12646023-F506-4E0E-A683-92D63D85FD10}
		{1F1DCB52-2712-42BE-A330-D43071CCBDD4} = {B273B724-F95A-48FD-9222-9AD5CBE6FD5A}
		{BFC5C8DA-D1DF-4FA1-AABF-B55FC86F52C9} = {B273B724-F95A-48FD-9222-9AD5CBE6FD5A}
		{7671756E-8377-4DF9-B128-98AFE560AFA4} = {B273B724-F95A-48FD-9222-9AD5CBE6FD5A}
	EndGlobalSection
	GlobalSection(ExtensibilityGlobals) = postSolution
		SolutionGuid = {287341BB-C1E6-48EA-BD2E-A400E465CE16}
	EndGlobalSection
EndGlobal
